
Microsoft Visual Studio Solution File, Format Version 12.00
# Visual Studio Version 17
VisualStudioVersion = 17.7.34221.43
MinimumVisualStudioVersion = 10.0.40219.1
Project("{9A19103F-16F7-4668-BE54-9A1E7A4F7556}") = "DevWorkCalc", "DevWorkCalc\DevWorkCalc.csproj", "{4A9B0AF4-31A8-48B2-803C-D39C87572466}"
EndProject
Project("{FAE04EC0-301F-11D3-BF4B-00C04F79EFBC}") = "D.W.C.API", "D.W.C.API\D.W.C.API.csproj", "{7BFD8E15-15A2-4476-B4FB-6F8A7A4F4E80}"
EndProject
Global
	GlobalSection(SolutionConfigurationPlatforms) = preSolution
		Debug|Any CPU = Debug|Any CPU
		Release|Any CPU = Release|Any CPU
	EndGlobalSection
	GlobalSection(ProjectConfigurationPlatforms) = postSolution
		{4A9B0AF4-31A8-48B2-803C-D39C87572466}.Debug|Any CPU.ActiveCfg = Debug|Any CPU
		{4A9B0AF4-31A8-48B2-803C-D39C87572466}.Debug|Any CPU.Build.0 = Debug|Any CPU
		{4A9B0AF4-31A8-48B2-803C-D39C87572466}.Release|Any CPU.ActiveCfg = Release|Any CPU
		{4A9B0AF4-31A8-48B2-803C-D39C87572466}.Release|Any CPU.Build.0 = Release|Any CPU
		{7BFD8E15-15A2-4476-B4FB-6F8A7A4F4E80}.Debug|Any CPU.ActiveCfg = Debug|Any CPU
		{7BFD8E15-15A2-4476-B4FB-6F8A7A4F4E80}.Debug|Any CPU.Build.0 = Debug|Any CPU
		{7BFD8E15-15A2-4476-B4FB-6F8A7A4F4E80}.Release|Any CPU.ActiveCfg = Release|Any CPU
		{7BFD8E15-15A2-4476-B4FB-6F8A7A4F4E80}.Release|Any CPU.Build.0 = Release|Any CPU
	EndGlobalSection
	GlobalSection(SolutionProperties) = preSolution
		HideSolutionNode = FALSE
	EndGlobalSection
	GlobalSection(ExtensibilityGlobals) = postSolution
		SolutionGuid = {7F4F427E-9448-4DF5-9307-DCD89B065BBC}
	EndGlobalSection
EndGlobal
